
Microsoft Visual Studio Solution File, Format Version 12.00
# Visual Studio 15
VisualStudioVersion = 15.0.28307.779
MinimumVisualStudioVersion = 10.0.40219.1
Project("{8BC9CEB8-8B4A-11D0-8D11-00A0C91BC942}") = "ReflexivePropertiesDll", "ReflexivePropertiesDll\ReflexivePropertiesDll.vcxproj", "{CB6FB6FA-BDCD-4D2C-BFA6-7E6B66E8033B}"
EndProject
Global
	GlobalSection(SolutionConfigurationPlatforms) = preSolution
		Debug|x64 = Debug|x64
		Debug|x86 = Debug|x86
		Release|x64 = Release|x64
		Release|x86 = Release|x86
	EndGlobalSection
	GlobalSection(ProjectConfigurationPlatforms) = postSolution
		{CB6FB6FA-BDCD-4D2C-BFA6-7E6B66E8033B}.Debug|x64.ActiveCfg = Debug|x64
		{CB6FB6FA-BDCD-4D2C-BFA6-7E6B66E8033B}.Debug|x64.Build.0 = Debug|x64
		{CB6FB6FA-BDCD-4D2C-BFA6-7E6B66E8033B}.Debug|x86.ActiveCfg = Debug|Win32
		{CB6FB6FA-BDCD-4D2C-BFA6-7E6B66E8033B}.Debug|x86.Build.0 = Debug|Win32
		{CB6FB6FA-BDCD-4D2C-BFA6-7E6B66E8033B}.Release|x64.ActiveCfg = Release|x64
		{CB6FB6FA-BDCD-4D2C-BFA6-7E6B66E8033B}.Release|x64.Build.0 = Release|x64
		{CB6FB6FA-BDCD-4D2C-BFA6-7E6B66E8033B}.Release|x86.ActiveCfg = Release|Win32
		{CB6FB6FA-BDCD-4D2C-BFA6-7E6B66E8033B}.Release|x86.Build.0 = Release|Win32
	EndGlobalSection
	GlobalSection(SolutionProperties) = preSolution
		HideSolutionNode = FALSE
	EndGlobalSection
	GlobalSection(ExtensibilityGlobals) = postSolution
		SolutionGuid = {C54C2CEB-71E3-4C3B-8CAD-F33579BB328E}
	EndGlobalSection
EndGlobal
